
Microsoft Visual Studio Solution File, Format Version 12.00
# Visual Studio 15
VisualStudioVersion = 15.0.28307.572
MinimumVisualStudioVersion = 10.0.40219.1
Project("{FAE04EC0-301F-11D3-BF4B-00C04F79EFBC}") = "WebApplication10", "WebApplication10\WebApplication10.csproj", "{BF593A15-2620-472C-81B7-E216B9D9A660}"
EndProject
Global
	GlobalSection(SolutionConfigurationPlatforms) = preSolution
		Debug|Any CPU = Debug|Any CPU
		Release|Any CPU = Release|Any CPU
	EndGlobalSection
	GlobalSection(ProjectConfigurationPlatforms) = postSolution
		{BF593A15-2620-472C-81B7-E216B9D9A660}.Debug|Any CPU.ActiveCfg = Debug|Any CPU
		{BF593A15-2620-472C-81B7-E216B9D9A660}.Debug|Any CPU.Build.0 = Debug|Any CPU
		{BF593A15-2620-472C-81B7-E216B9D9A660}.Release|Any CPU.ActiveCfg = Release|Any CPU
		{BF593A15-2620-472C-81B7-E216B9D9A660}.Release|Any CPU.Build.0 = Release|Any CPU
	EndGlobalSection
	GlobalSection(SolutionProperties) = preSolution
		HideSolutionNode = FALSE
	EndGlobalSection
	GlobalSection(ExtensibilityGlobals) = postSolution
		SolutionGuid = {B9182D31-E25E-4906-9824-E49FE9435C80}
	EndGlobalSection
EndGlobal
